
Microsoft Visual Studio Solution File, Format Version 12.00
# Visual Studio Version 16
VisualStudioVersion = 16.0.30804.86
MinimumVisualStudioVersion = 10.0.40219.1
Project("{FAE04EC0-301F-11D3-BF4B-00C04F79EFBC}") = "Socially", "Socially\Socially.csproj", "{7D716C73-5997-4A26-B30B-3AF09B058241}"
EndProject
Global
	GlobalSection(SolutionConfigurationPlatforms) = preSolution
		Debug|Any CPU = Debug|Any CPU
		Release|Any CPU = Release|Any CPU
	EndGlobalSection
	GlobalSection(ProjectConfigurationPlatforms) = postSolution
		{7D716C73-5997-4A26-B30B-3AF09B058241}.Debug|Any CPU.ActiveCfg = Debug|Any CPU
		{7D716C73-5997-4A26-B30B-3AF09B058241}.Debug|Any CPU.Build.0 = Debug|Any CPU
		{7D716C73-5997-4A26-B30B-3AF09B058241}.Release|Any CPU.ActiveCfg = Release|Any CPU
		{7D716C73-5997-4A26-B30B-3AF09B058241}.Release|Any CPU.Build.0 = Release|Any CPU
	EndGlobalSection
	GlobalSection(SolutionProperties) = preSolution
		HideSolutionNode = FALSE
	EndGlobalSection
	GlobalSection(ExtensibilityGlobals) = postSolution
		SolutionGuid = {7AC30549-445A-413F-AA61-33839B10B123}
	EndGlobalSection
EndGlobal
